
Microsoft Visual Studio Solution File, Format Version 12.00
# Visual Studio Version 17
VisualStudioVersion = 17.6.33712.159
MinimumVisualStudioVersion = 10.0.40219.1
Project("{9A19103F-16F7-4668-BE54-9A1E7A4F7556}") = "Curs70", "Curs70\Curs70.csproj", "{995E4D0A-17F2-446B-A97F-67B10A588FC9}"
EndProject
Project("{9A19103F-16F7-4668-BE54-9A1E7A4F7556}") = "Main_Project", "Main_Project\Main_Project.csproj", "{B336222F-7D2D-42F4-AF8B-C9CCC6EC9BEC}"
EndProject
Project("{2150E333-8FDC-42A3-9474-1A3956D46DE8}") = "Incapsulare", "Incapsulare", "{B07D1728-644C-4627-BD25-B72AE0007E36}"
EndProject
Project("{2150E333-8FDC-42A3-9474-1A3956D46DE8}") = "Polimorfism", "Polimorfism", "{90C8F16E-BD14-4FEA-B026-57887CED1E93}"
EndProject
Project("{9A19103F-16F7-4668-BE54-9A1E7A4F7556}") = "OverLoad_Project", "OverLoad_Project\OverLoad_Project.csproj", "{A73AD65B-0BA5-4C80-8ED5-B130586C1EBA}"
EndProject
Project("{2150E333-8FDC-42A3-9474-1A3956D46DE8}") = "Clase Abstracte", "Clase Abstracte", "{687FF5A2-107F-4505-A558-DF2752956F9F}"
EndProject
Project("{9A19103F-16F7-4668-BE54-9A1E7A4F7556}") = "Abstract_Project", "Abstract_Project\Abstract_Project.csproj", "{B420A4C0-F9FB-40AC-A8FB-05488A71B1DE}"
EndProject
Project("{2150E333-8FDC-42A3-9474-1A3956D46DE8}") = "Example1", "Example1", "{217383EE-CACD-4F9B-A06E-33C4B0A6C462}"
EndProject
Project("{2150E333-8FDC-42A3-9474-1A3956D46DE8}") = "Example2", "Example2", "{D78A417A-2B82-4716-AE49-6908F90820F5}"
EndProject
Project("{9A19103F-16F7-4668-BE54-9A1E7A4F7556}") = "Abstraction2", "Abstraction2\Abstraction2.csproj", "{8F2E66A6-8B88-49A9-87BA-07C4E9CFE744}"
EndProject
Project("{2150E333-8FDC-42A3-9474-1A3956D46DE8}") = "Interface", "Interface", "{1363DCC9-5319-4C7E-B607-C4FFD27452EE}"
EndProject
Project("{9A19103F-16F7-4668-BE54-9A1E7A4F7556}") = "Interfete_Example1", "Interfete_Example1\Interfete_Example1.csproj", "{287FFE76-581F-44B6-84AE-D32964E7B0DF}"
EndProject
Project("{2150E333-8FDC-42A3-9474-1A3956D46DE8}") = "Example1", "Example1", "{3D541D21-3CCB-49E2-B4B7-4E02E5FF4EFD}"
EndProject
Project("{2150E333-8FDC-42A3-9474-1A3956D46DE8}") = "Example2", "Example2", "{53A05231-E1A0-434D-9D0D-BF327FD3BD3E}"
EndProject
Project("{FAE04EC0-301F-11D3-BF4B-00C04F79EFBC}") = "Interface_Example2", "Interfete_Example2\Interface_Example2.csproj", "{38237FBF-F84E-4899-9150-300DDC53F11F}"
EndProject
Global
	GlobalSection(SolutionConfigurationPlatforms) = preSolution
		Debug|Any CPU = Debug|Any CPU
		Release|Any CPU = Release|Any CPU
	EndGlobalSection
	GlobalSection(ProjectConfigurationPlatforms) = postSolution
		{995E4D0A-17F2-446B-A97F-67B10A588FC9}.Debug|Any CPU.ActiveCfg = Debug|Any CPU
		{995E4D0A-17F2-446B-A97F-67B10A588FC9}.Debug|Any CPU.Build.0 = Debug|Any CPU
		{995E4D0A-17F2-446B-A97F-67B10A588FC9}.Release|Any CPU.ActiveCfg = Release|Any CPU
		{995E4D0A-17F2-446B-A97F-67B10A588FC9}.Release|Any CPU.Build.0 = Release|Any CPU
		{B336222F-7D2D-42F4-AF8B-C9CCC6EC9BEC}.Debug|Any CPU.ActiveCfg = Debug|Any CPU
		{B336222F-7D2D-42F4-AF8B-C9CCC6EC9BEC}.Debug|Any CPU.Build.0 = Debug|Any CPU
		{B336222F-7D2D-42F4-AF8B-C9CCC6EC9BEC}.Release|Any CPU.ActiveCfg = Release|Any CPU
		{B336222F-7D2D-42F4-AF8B-C9CCC6EC9BEC}.Release|Any CPU.Build.0 = Release|Any CPU
		{A73AD65B-0BA5-4C80-8ED5-B130586C1EBA}.Debug|Any CPU.ActiveCfg = Debug|Any CPU
		{A73AD65B-0BA5-4C80-8ED5-B130586C1EBA}.Debug|Any CPU.Build.0 = Debug|Any CPU
		{A73AD65B-0BA5-4C80-8ED5-B130586C1EBA}.Release|Any CPU.ActiveCfg = Release|Any CPU
		{A73AD65B-0BA5-4C80-8ED5-B130586C1EBA}.Release|Any CPU.Build.0 = Release|Any CPU
		{B420A4C0-F9FB-40AC-A8FB-05488A71B1DE}.Debug|Any CPU.ActiveCfg = Debug|Any CPU
		{B420A4C0-F9FB-40AC-A8FB-05488A71B1DE}.Debug|Any CPU.Build.0 = Debug|Any CPU
		{B420A4C0-F9FB-40AC-A8FB-05488A71B1DE}.Release|Any CPU.ActiveCfg = Release|Any CPU
		{B420A4C0-F9FB-40AC-A8FB-05488A71B1DE}.Release|Any CPU.Build.0 = Release|Any CPU
		{8F2E66A6-8B88-49A9-87BA-07C4E9CFE744}.Debug|Any CPU.ActiveCfg = Debug|Any CPU
		{8F2E66A6-8B88-49A9-87BA-07C4E9CFE744}.Debug|Any CPU.Build.0 = Debug|Any CPU
		{8F2E66A6-8B88-49A9-87BA-07C4E9CFE744}.Release|Any CPU.ActiveCfg = Release|Any CPU
		{8F2E66A6-8B88-49A9-87BA-07C4E9CFE744}.Release|Any CPU.Build.0 = Release|Any CPU
		{287FFE76-581F-44B6-84AE-D32964E7B0DF}.Debug|Any CPU.ActiveCfg = Debug|Any CPU
		{287FFE76-581F-44B6-84AE-D32964E7B0DF}.Debug|Any CPU.Build.0 = Debug|Any CPU
		{287FFE76-581F-44B6-84AE-D32964E7B0DF}.Release|Any CPU.ActiveCfg = Release|Any CPU
		{287FFE76-581F-44B6-84AE-D32964E7B0DF}.Release|Any CPU.Build.0 = Release|Any CPU
		{38237FBF-F84E-4899-9150-300DDC53F11F}.Debug|Any CPU.ActiveCfg = Debug|Any CPU
		{38237FBF-F84E-4899-9150-300DDC53F11F}.Debug|Any CPU.Build.0 = Debug|Any CPU
		{38237FBF-F84E-4899-9150-300DDC53F11F}.Release|Any CPU.ActiveCfg = Release|Any CPU
		{38237FBF-F84E-4899-9150-300DDC53F11F}.Release|Any CPU.Build.0 = Release|Any CPU
	EndGlobalSection
	GlobalSection(SolutionProperties) = preSolution
		HideSolutionNode = FALSE
	EndGlobalSection
	GlobalSection(NestedProjects) = preSolution
		{995E4D0A-17F2-446B-A97F-67B10A588FC9} = {B07D1728-644C-4627-BD25-B72AE0007E36}
		{B336222F-7D2D-42F4-AF8B-C9CCC6EC9BEC} = {B07D1728-644C-4627-BD25-B72AE0007E36}
		{A73AD65B-0BA5-4C80-8ED5-B130586C1EBA} = {90C8F16E-BD14-4FEA-B026-57887CED1E93}
		{B420A4C0-F9FB-40AC-A8FB-05488A71B1DE} = {217383EE-CACD-4F9B-A06E-33C4B0A6C462}
		{217383EE-CACD-4F9B-A06E-33C4B0A6C462} = {687FF5A2-107F-4505-A558-DF2752956F9F}
		{D78A417A-2B82-4716-AE49-6908F90820F5} = {687FF5A2-107F-4505-A558-DF2752956F9F}
		{8F2E66A6-8B88-49A9-87BA-07C4E9CFE744} = {D78A417A-2B82-4716-AE49-6908F90820F5}
		{287FFE76-581F-44B6-84AE-D32964E7B0DF} = {3D541D21-3CCB-49E2-B4B7-4E02E5FF4EFD}
		{3D541D21-3CCB-49E2-B4B7-4E02E5FF4EFD} = {1363DCC9-5319-4C7E-B607-C4FFD27452EE}
		{53A05231-E1A0-434D-9D0D-BF327FD3BD3E} = {1363DCC9-5319-4C7E-B607-C4FFD27452EE}
		{38237FBF-F84E-4899-9150-300DDC53F11F} = {53A05231-E1A0-434D-9D0D-BF327FD3BD3E}
	EndGlobalSection
	GlobalSection(ExtensibilityGlobals) = postSolution
		SolutionGuid = {C4B069A2-2ABA-43E7-9C90-3BD7A82A5E33}
	EndGlobalSection
EndGlobal
